
Microsoft Visual Studio Solution File, Format Version 12.00
# Visual Studio 15
VisualStudioVersion = 15.0.26430.16
MinimumVisualStudioVersion = 10.0.40219.1
Project("{FAE04EC0-301F-11D3-BF4B-00C04F79EFBC}") = "Democracy", "Democracy\Democracy.csproj", "{05678BAD-DAD2-4061-8D86-585C4E21923B}"
EndProject
Global
	GlobalSection(SolutionConfigurationPlatforms) = preSolution
		Debug|Any CPU = Debug|Any CPU
		Release|Any CPU = Release|Any CPU
	EndGlobalSection
	GlobalSection(ProjectConfigurationPlatforms) = postSolution
		{05678BAD-DAD2-4061-8D86-585C4E21923B}.Debug|Any CPU.ActiveCfg = Debug|Any CPU
		{05678BAD-DAD2-4061-8D86-585C4E21923B}.Debug|Any CPU.Build.0 = Debug|Any CPU
		{05678BAD-DAD2-4061-8D86-585C4E21923B}.Release|Any CPU.ActiveCfg = Release|Any CPU
		{05678BAD-DAD2-4061-8D86-585C4E21923B}.Release|Any CPU.Build.0 = Release|Any CPU
	EndGlobalSection
	GlobalSection(SolutionProperties) = preSolution
		HideSolutionNode = FALSE
	EndGlobalSection
EndGlobal
